
Microsoft Visual Studio Solution File, Format Version 12.00
# Visual Studio Version 17
VisualStudioVersion = 17.5.33424.131
MinimumVisualStudioVersion = 10.0.40219.1
Project("{9A19103F-16F7-4668-BE54-9A1E7A4F7556}") = "ClassLibrary1", "ClassLibrary1\ClassLibrary1.csproj", "{B2B7D66E-D9A9-4DD7-BB52-5C7FB97384F7}"
EndProject
Project("{9A19103F-16F7-4668-BE54-9A1E7A4F7556}") = "CalculatorTest", "CalculatorTest\CalculatorTest.csproj", "{31BDAF19-CAAF-4083-8DB0-831FB9EA945F}"
EndProject
Project("{9A19103F-16F7-4668-BE54-9A1E7A4F7556}") = "ConsoleApp2", "ConsoleApp2\ConsoleApp2.csproj", "{9F1EB3AD-EB4E-4AF9-9E14-DE865AD3580C}"
EndProject
Project("{FAE04EC0-301F-11D3-BF4B-00C04F79EFBC}") = "View", "View\View.csproj", "{D710125F-9FC8-4074-8F77-97168A7963CC}"
EndProject
Global
	GlobalSection(SolutionConfigurationPlatforms) = preSolution
		Debug|Any CPU = Debug|Any CPU
		Release|Any CPU = Release|Any CPU
	EndGlobalSection
	GlobalSection(ProjectConfigurationPlatforms) = postSolution
		{B2B7D66E-D9A9-4DD7-BB52-5C7FB97384F7}.Debug|Any CPU.ActiveCfg = Debug|Any CPU
		{B2B7D66E-D9A9-4DD7-BB52-5C7FB97384F7}.Debug|Any CPU.Build.0 = Debug|Any CPU
		{B2B7D66E-D9A9-4DD7-BB52-5C7FB97384F7}.Release|Any CPU.ActiveCfg = Release|Any CPU
		{B2B7D66E-D9A9-4DD7-BB52-5C7FB97384F7}.Release|Any CPU.Build.0 = Release|Any CPU
		{31BDAF19-CAAF-4083-8DB0-831FB9EA945F}.Debug|Any CPU.ActiveCfg = Debug|Any CPU
		{31BDAF19-CAAF-4083-8DB0-831FB9EA945F}.Debug|Any CPU.Build.0 = Debug|Any CPU
		{31BDAF19-CAAF-4083-8DB0-831FB9EA945F}.Release|Any CPU.ActiveCfg = Release|Any CPU
		{31BDAF19-CAAF-4083-8DB0-831FB9EA945F}.Release|Any CPU.Build.0 = Release|Any CPU
		{9F1EB3AD-EB4E-4AF9-9E14-DE865AD3580C}.Debug|Any CPU.ActiveCfg = Debug|Any CPU
		{9F1EB3AD-EB4E-4AF9-9E14-DE865AD3580C}.Debug|Any CPU.Build.0 = Debug|Any CPU
		{9F1EB3AD-EB4E-4AF9-9E14-DE865AD3580C}.Release|Any CPU.ActiveCfg = Release|Any CPU
		{9F1EB3AD-EB4E-4AF9-9E14-DE865AD3580C}.Release|Any CPU.Build.0 = Release|Any CPU
		{D710125F-9FC8-4074-8F77-97168A7963CC}.Debug|Any CPU.ActiveCfg = Debug|Any CPU
		{D710125F-9FC8-4074-8F77-97168A7963CC}.Debug|Any CPU.Build.0 = Debug|Any CPU
		{D710125F-9FC8-4074-8F77-97168A7963CC}.Release|Any CPU.ActiveCfg = Release|Any CPU
		{D710125F-9FC8-4074-8F77-97168A7963CC}.Release|Any CPU.Build.0 = Release|Any CPU
	EndGlobalSection
	GlobalSection(SolutionProperties) = preSolution
		HideSolutionNode = FALSE
	EndGlobalSection
	GlobalSection(ExtensibilityGlobals) = postSolution
		SolutionGuid = {629FC5D0-78B0-4D7F-8CF6-26747169E281}
	EndGlobalSection
EndGlobal
